{
    "_readme": [
        "This file locks the dependencies of your project to a known state",
        "Read more about it at https://getcomposer.org/doc/01-basic-usage.md#installing-dependencies",
        "This file is @generated automatically"
    ],
    "content-hash": "2f48baa66ce48976963fb9e59518ecc5",
    "packages": [
        {
            "name": "wapmorgan/unified-archive",
            "version": "0.1.2",
            "source": {
                "type": "git",
                "url": "https://github.com/wapmorgan/UnifiedArchive.git",
                "reference": "92d2f4ce6cfbc43f14050886b3a579d5545b6e15"
            },
            "dist": {
                "type": "zip",
                "url": "https://api.github.com/repos/wapmorgan/UnifiedArchive/zipball/92d2f4ce6cfbc43f14050886b3a579d5545b6e15",
                "reference": "92d2f4ce6cfbc43f14050886b3a579d5545b6e15",
                "shasum": ""
            },
            "require": {
                "ext-fileinfo": "*",
                "php": ">=5.4.0"
            },
            "replace": {
                "wapmorgan/cam": "1.0.2"
            },
            "require-dev": {
                "docopt/docopt": "~1.0",
                "phpunit/phpunit": "~4.8"
            },
            "suggest": {
                "bin-ncompress": "TAR.Z support",
                "docopt/docopt": "Requirement for cam (Console Archive Manager)",
                "ext-bz2": "BZ2 and TAR.BZ2 support",
                "ext-phar": "TAR support",
                "ext-rar": "RAR support",
                "ext-xz": "XZ and TAR.XZ support",
                "ext-zip": "ZIP support",
                "ext-zlib": "GZ and TAR.GZ support",
                "gemorroj/archive7z": "7ZIP support",
                "pear/archive_tar": "another TAR support",
                "phpclasses/php-iso-file": "ISO support",
                "wapmorgan/cab-archive": "CAB support"
            },
            "bin": [
                "bin/cam"
            ],
            "type": "library",
            "extra": {
                "phar-builder": {
                    "compression": "BZip2",
                    "name": "cam.phar",
                    "output-dir": "./",
                    "entry-point": "bin/cam",
                    "include": [
                        "bin",
                        "data",
                        "vendor"
                    ],
                    "events": {
                        "command.package.start": "git describe --tags > bin/version.txt",
                        "command.package.end": "chmod +x cam.phar && rm bin/version.txt"
                    }
                }
            },
            "autoload": {
                "psr-4": {
                    "wapmorgan\\UnifiedArchive\\": "src/"
                }
            },
            "notification-url": "https://packagist.org/downloads/",
            "license": [
                "MIT"
            ],
            "authors": [
                {
                    "name": "wapmorgan",
                    "email": "wapmorgan@gmail.com",
                    "role": "developer"
                }
            ],
            "description": "UnifiedArchive - unified interface to all popular archive formats (zip, 7z, rar, gz, bz2, xz, cab, tar, tar.gz, tar.bz2, tar.xz, tar.Z, iso) for listing, reading, extracting and creation + built-in console archive manager + PclZip-like interface for zip archives.",
            "keywords": [
                "7z",
                "archive",
                "bzip2",
                "cab",
                "compression",
                "gzip",
                "iso",
                "lzma2",
                "ncompress",
                "rar",
                "tar",
                "zip"
            ],
            "time": "2019-01-03T02:31:38+00:00"
        }
    ],
    "packages-dev": [],
    "aliases": [],
    "minimum-stability": "stable",
    "stability-flags": [],
    "prefer-stable": false,
    "prefer-lowest": false,
    "platform": [],
    "platform-dev": []
}
